
Microsoft Visual Studio Solution File, Format Version 12.00
# Visual Studio Version 17
VisualStudioVersion = 17.8.34511.84
MinimumVisualStudioVersion = 10.0.40219.1
Project("{FAE04EC0-301F-11D3-BF4B-00C04F79EFBC}") = "WpfAppDataBind", "WpfAppDataBind\WpfAppDataBind.csproj", "{458921A3-68D2-4A77-895C-E580C438BCAD}"
EndProject
Project("{FAE04EC0-301F-11D3-BF4B-00C04F79EFBC}") = "WpfAppDataBind2", "WpfAppDataBind2\WpfAppDataBind2.csproj", "{73AFDEA8-0206-4EFA-870B-36B7CDE20E34}"
EndProject
Project("{FAE04EC0-301F-11D3-BF4B-00C04F79EFBC}") = "WpfAppDataBind3", "WpfAppDataBind3\WpfAppDataBind3.csproj", "{FD78B153-D085-45F2-8EF9-50FAD6D35CE0}"
EndProject
Project("{FAE04EC0-301F-11D3-BF4B-00C04F79EFBC}") = "WpfAppDataBind4_thread", "WpfAppDataBind4_thread\WpfAppDataBind4_thread.csproj", "{020E9F3F-C624-42E6-97D7-7D5D51C71EC6}"
EndProject
Global
	GlobalSection(SolutionConfigurationPlatforms) = preSolution
		Debug|Any CPU = Debug|Any CPU
		Release|Any CPU = Release|Any CPU
	EndGlobalSection
	GlobalSection(ProjectConfigurationPlatforms) = postSolution
		{458921A3-68D2-4A77-895C-E580C438BCAD}.Debug|Any CPU.ActiveCfg = Debug|Any CPU
		{458921A3-68D2-4A77-895C-E580C438BCAD}.Debug|Any CPU.Build.0 = Debug|Any CPU
		{458921A3-68D2-4A77-895C-E580C438BCAD}.Release|Any CPU.ActiveCfg = Release|Any CPU
		{458921A3-68D2-4A77-895C-E580C438BCAD}.Release|Any CPU.Build.0 = Release|Any CPU
		{73AFDEA8-0206-4EFA-870B-36B7CDE20E34}.Debug|Any CPU.ActiveCfg = Debug|Any CPU
		{73AFDEA8-0206-4EFA-870B-36B7CDE20E34}.Debug|Any CPU.Build.0 = Debug|Any CPU
		{73AFDEA8-0206-4EFA-870B-36B7CDE20E34}.Release|Any CPU.ActiveCfg = Release|Any CPU
		{73AFDEA8-0206-4EFA-870B-36B7CDE20E34}.Release|Any CPU.Build.0 = Release|Any CPU
		{FD78B153-D085-45F2-8EF9-50FAD6D35CE0}.Debug|Any CPU.ActiveCfg = Debug|Any CPU
		{FD78B153-D085-45F2-8EF9-50FAD6D35CE0}.Debug|Any CPU.Build.0 = Debug|Any CPU
		{FD78B153-D085-45F2-8EF9-50FAD6D35CE0}.Release|Any CPU.ActiveCfg = Release|Any CPU
		{FD78B153-D085-45F2-8EF9-50FAD6D35CE0}.Release|Any CPU.Build.0 = Release|Any CPU
		{020E9F3F-C624-42E6-97D7-7D5D51C71EC6}.Debug|Any CPU.ActiveCfg = Debug|Any CPU
		{020E9F3F-C624-42E6-97D7-7D5D51C71EC6}.Debug|Any CPU.Build.0 = Debug|Any CPU
		{020E9F3F-C624-42E6-97D7-7D5D51C71EC6}.Release|Any CPU.ActiveCfg = Release|Any CPU
		{020E9F3F-C624-42E6-97D7-7D5D51C71EC6}.Release|Any CPU.Build.0 = Release|Any CPU
	EndGlobalSection
	GlobalSection(SolutionProperties) = preSolution
		HideSolutionNode = FALSE
	EndGlobalSection
	GlobalSection(ExtensibilityGlobals) = postSolution
		SolutionGuid = {D5AFE2F1-652D-463E-8E64-5BD581D76357}
	EndGlobalSection
EndGlobal
